// !$*UTF8*$!
{
	archiveVersion = 1;
	classes = {
	};
	objectVersion = 77;
	objects = {

/* Begin PBXBuildFile section */
		001F33B5FB7913A309F84F8A /* ClothingItem.swift in Sources */ = {isa = PBXBuildFile; fileRef = 149FBAA3AEEAF00B2A614B10 /* ClothingItem.swift */; };
		028772DDD550852FA97193E0 /* TodaySnapshotGrid.swift in Sources */ = {isa = PBXBuildFile; fileRef = F1511C0C3A38ACF176DDA7C9 /* TodaySnapshotGrid.swift */; };
		03D1AED4C7386F3B330A9650 /* CategorySeeder.swift in Sources */ = {isa = PBXBuildFile; fileRef = 3157C230306B2B933C0FD422 /* CategorySeeder.swift */; };
		040BC44AD1859D436B87A571 /* TaobaoImportView.swift in Sources */ = {isa = PBXBuildFile; fileRef = 4F58B8ECC56DD2B95BF5F348 /* TaobaoImportView.swift */; };
		07F1A4EE33FC96B152CBD738 /* DataManagementView.swift in Sources */ = {isa = PBXBuildFile; fileRef = BDE303612265E5BCA86EBCE7 /* DataManagementView.swift */; };
		0CA0AA15183B200F496906B3 /* ImageStorageService.swift in Sources */ = {isa = PBXBuildFile; fileRef = A381332DD0FDE5C050181537 /* ImageStorageService.swift */; };
		0E9ED49508FF62C6EBC1BBDA /* ItemRecommendationView.swift in Sources */ = {isa = PBXBuildFile; fileRef = 48A35FBCB61A366CF834720C /* ItemRecommendationView.swift */; };
		0FA40FAAB944EFDF857DBBA8 /* RetiredItemsView.swift in Sources */ = {isa = PBXBuildFile; fileRef = 9DEB6CDD8DC88BA226526D2E /* RetiredItemsView.swift */; };
		193591416D20288E9452112F /* MultiSelectClothingGrid.swift in Sources */ = {isa = PBXBuildFile; fileRef = DC41F45132BD00EEEFC90267 /* MultiSelectClothingGrid.swift */; };
		19B24FF42ADA5DC665F220B6 /* InfoPlist.strings in Resources */ = {isa = PBXBuildFile; fileRef = 8B5C5F0F7DDA4D940D2564EB /* InfoPlist.strings */; };
		1BCC0B9E006BE0E331D3729D /* OutfitListView.swift in Sources */ = {isa = PBXBuildFile; fileRef = 218A4986E4EC2D54E876EE77 /* OutfitListView.swift */; };
		1FE5917CB469B0BADC421869 /* ZIPFoundation in Frameworks */ = {isa = PBXBuildFile; productRef = 62E33F2E922BED7058A0B3B2 /* ZIPFoundation */; };
		23DC593ACA46F9A3336F580B /* ColorDetectionTests.swift in Sources */ = {isa = PBXBuildFile; fileRef = 92068D75FD0802E1DC61D5E1 /* ColorDetectionTests.swift */; };
		278B0438BCAD002AE5D78CFB /* ColorExtensions.swift in Sources */ = {isa = PBXBuildFile; fileRef = AC016CC9C9F18A935E9936A4 /* ColorExtensions.swift */; };
		2C12124244E53D14931500BA /* ClothingEditView.swift in Sources */ = {isa = PBXBuildFile; fileRef = 3D89997908E3B568C2EF3D42 /* ClothingEditView.swift */; };
		3299D4129511246FD69D5786 /* ClothingPickerView.swift in Sources */ = {isa = PBXBuildFile; fileRef = 6698216FBAC9BC486A36E36D /* ClothingPickerView.swift */; };
		3909A95986141C74E89606AB /* Assets.xcassets in Resources */ = {isa = PBXBuildFile; fileRef = 3753BD1DF227A5B3B4862D4E /* Assets.xcassets */; };
		3A97DFC15AAB69C00A6D265F /* ColorPickerGridView.swift in Sources */ = {isa = PBXBuildFile; fileRef = 1B8B4906965C7A48FFDB9D78 /* ColorPickerGridView.swift */; };
		3B51208AAAD3FC421A569A48 /* WardrobeView.swift in Sources */ = {isa = PBXBuildFile; fileRef = 2E470FC15F0C28D1CE21401F /* WardrobeView.swift */; };
		3DB567C4F78DCEFB8859DCFC /* PrivacyInfo.xcprivacy in Resources */ = {isa = PBXBuildFile; fileRef = 81EAF7752426D6D624D81D86 /* PrivacyInfo.xcprivacy */; };
		3FEFA132A733C084AE7C7797 /* ImageExtensions.swift in Sources */ = {isa = PBXBuildFile; fileRef = BC9BF3B608CD94A32F5D9547 /* ImageExtensions.swift */; };
		428070CE4CFDB9D3997901B4 /* AddClothingView.swift in Sources */ = {isa = PBXBuildFile; fileRef = 13435B51B1AF7E2DEFD3471A /* AddClothingView.swift */; };
		434B2441C1F8A181C831C9C3 /* IdleAnalysisTests.swift in Sources */ = {isa = PBXBuildFile; fileRef = 8C82E5D05B6DD0264F18A3F9 /* IdleAnalysisTests.swift */; };
		4C6C9F94E24FE9F3F5B939DC /* ClothingStatus.swift in Sources */ = {isa = PBXBuildFile; fileRef = DD1557DF13392FE206890438 /* ClothingStatus.swift */; };
		4E5A880DB7CDCC8B7DD34C53 /* OutfitRecommendationService.swift in Sources */ = {isa = PBXBuildFile; fileRef = 6CEBA7FC7E3A5B97B175D8D4 /* OutfitRecommendationService.swift */; };
		4FD7DD1F814930BB10D6A4D7 /* Constants.swift in Sources */ = {isa = PBXBuildFile; fileRef = 9B0DF0E0C2308A5D4C930173 /* Constants.swift */; };
		5675946CE9351FA74F1F3834 /* CalendarView.swift in Sources */ = {isa = PBXBuildFile; fileRef = 07D253AE1DD92A3BE82A40C7 /* CalendarView.swift */; };
		59671156FBF9F1766765F994 /* OutfitCanvasView.swift in Sources */ = {isa = PBXBuildFile; fileRef = 4C9C3C312775D9F5B8D0F1F2 /* OutfitCanvasView.swift */; };
		59E6105723B1FA119F392164 /* SavingProgressView.swift in Sources */ = {isa = PBXBuildFile; fileRef = EBF4197024F9781D5A597D2B /* SavingProgressView.swift */; };
		5B61FFFC1F252C795FAF6F1C /* IdleAnalysisService.swift in Sources */ = {isa = PBXBuildFile; fileRef = 0287E7A338917F84BE5F3C79 /* IdleAnalysisService.swift */; };
		5D07DDDAAEB47013C1EE9CFE /* ImageEditorView.swift in Sources */ = {isa = PBXBuildFile; fileRef = 94807B81425ED8411C0656E1 /* ImageEditorView.swift */; };
		5F3F1C9F0CAE7E890A321964 /* ContentView.swift in Sources */ = {isa = PBXBuildFile; fileRef = 46F71D617FE87A0E4DC1F7CD /* ContentView.swift */; };
		629F110D551DDEEE7B1CB3C6 /* RecordWearSheet.swift in Sources */ = {isa = PBXBuildFile; fileRef = 48D1271F4D75738C1AFD0298 /* RecordWearSheet.swift */; };
		62CA9DB53EB4FD000BBF7F47 /* ColorHarmonyTests.swift in Sources */ = {isa = PBXBuildFile; fileRef = D8A2DA2627DB727F706D150B /* ColorHarmonyTests.swift */; };
		681977650A3B929E6C2601C4 /* StatsView.swift in Sources */ = {isa = PBXBuildFile; fileRef = 7BD9D0F1BF4067E21D8E53EF /* StatsView.swift */; };
		6C60A5E3D0BB731447E0AD20 /* LLMService.swift in Sources */ = {isa = PBXBuildFile; fileRef = 11982606F344DF8E9180799D /* LLMService.swift */; };
		72DCCF3E3A5C0ABCBDED2C31 /* SimilarClothingResultView.swift in Sources */ = {isa = PBXBuildFile; fileRef = AFF48CF0522004E6BE1A8EDB /* SimilarClothingResultView.swift */; };
		7530491117AE1AE26364CB26 /* ClothingItem+Computed.swift in Sources */ = {isa = PBXBuildFile; fileRef = 7923C8244D295555CE71B73D /* ClothingItem+Computed.swift */; };
		7725C4DB31C54B6928933D1E /* WearRecordDetailView.swift in Sources */ = {isa = PBXBuildFile; fileRef = BF2036186044E4FE91A4BC83 /* WearRecordDetailView.swift */; };
		77EE08333A1D9707FA5E08DE /* MannequinPhotoService.swift in Sources */ = {isa = PBXBuildFile; fileRef = 87D43BB6D6EE4303584846F8 /* MannequinPhotoService.swift */; };
		87512E54C4734046264725BD /* Category.swift in Sources */ = {isa = PBXBuildFile; fileRef = 5464FA9DAB7BFB86B29BBF23 /* Category.swift */; };
		8DDFD6AF8FE9CD9F4CBB44AE /* OutfitSlot.swift in Sources */ = {isa = PBXBuildFile; fileRef = BBD5E31BB6AFFE5AC14B3FAC /* OutfitSlot.swift */; };
		8E8EFCE6BD6A020311AF1B18 /* MannequinSetupView.swift in Sources */ = {isa = PBXBuildFile; fileRef = 16DBECB44094F5150C127F9A /* MannequinSetupView.swift */; };
		8FC8327C48F83D79D9EC0F12 /* ColorHarmonyBarView.swift in Sources */ = {isa = PBXBuildFile; fileRef = D97B99A5DEA13F54C739E79F /* ColorHarmonyBarView.swift */; };
		93A6277B750DBA6890FBC595 /* Outfit.swift in Sources */ = {isa = PBXBuildFile; fileRef = 79DE2E0ECA3F6023E4B063CE /* Outfit.swift */; };
		97E472C28627603039BC15E8 /* APIKeyManager.swift in Sources */ = {isa = PBXBuildFile; fileRef = 7E9A7F3072090E2708C9A656 /* APIKeyManager.swift */; };
		99B3EA6D39BF293AC09766A0 /* BatchImportView.swift in Sources */ = {isa = PBXBuildFile; fileRef = AF268DC7A65C717588FE921D /* BatchImportView.swift */; };
		9B21DFE0FE5881C7B5A30AA1 /* TaobaoParserService.swift in Sources */ = {isa = PBXBuildFile; fileRef = A80B1AD22DDD86BBC15DF513 /* TaobaoParserService.swift */; };
		9CB1D47D5D790847184C2A4A /* RecommendationProgressView.swift in Sources */ = {isa = PBXBuildFile; fileRef = D8BD8EDB9350463BA62A40C7 /* RecommendationProgressView.swift */; };
		A83E4C6D971003E7B0BDE8A8 /* SimilarityCheckService.swift in Sources */ = {isa = PBXBuildFile; fileRef = A00A1285C0D198D3078EEBC9 /* SimilarityCheckService.swift */; };
		AAA2506B9A1FB2CDD763E25F /* CPWRankingView.swift in Sources */ = {isa = PBXBuildFile; fileRef = 85B8D90C32399EDAB0E6DA54 /* CPWRankingView.swift */; };
		AAF8F3F9D8D11305B38198C4 /* APIKeySettingsView.swift in Sources */ = {isa = PBXBuildFile; fileRef = 33C0ADB263FCAAF533146838 /* APIKeySettingsView.swift */; };
		AE2D8E2E15AE9F185B207B03 /* TodayWeatherBar.swift in Sources */ = {isa = PBXBuildFile; fileRef = E6B82CACF4EC3116E8D415BB /* TodayWeatherBar.swift */; };
		B1DE800DDD2BCED51ECA019F /* ClothingDetailView.swift in Sources */ = {isa = PBXBuildFile; fileRef = 88311E22882D083084177BB0 /* ClothingDetailView.swift */; };
		B6598F37332A2BE8714D5E0A /* ModelContext+Save.swift in Sources */ = {isa = PBXBuildFile; fileRef = C1C75AD58F561B90A776E1D5 /* ModelContext+Save.swift */; };
		B835F847973971207AD5BFBB /* ColorHarmonyService.swift in Sources */ = {isa = PBXBuildFile; fileRef = 400299B7AF0779ED725D39AE /* ColorHarmonyService.swift */; };
		B9F84CDF2655960BBACBE2C9 /* WearRecord.swift in Sources */ = {isa = PBXBuildFile; fileRef = 33F19509CC3D9082C7031699 /* WearRecord.swift */; };
		BC17A71B75DAC11DA0775BFC /* OutfitsTab.swift in Sources */ = {isa = PBXBuildFile; fileRef = 6EA8AE5A98D988033ECF643B /* OutfitsTab.swift */; };
		C1CC3391AB9E98B8D6F5724A /* WardrobeDataService.swift in Sources */ = {isa = PBXBuildFile; fileRef = 2FF4881A2F20CAF065DA0116 /* WardrobeDataService.swift */; };
		C524977CAB8FD2C7B790FDC8 /* LoadingTipsView.swift in Sources */ = {isa = PBXBuildFile; fileRef = A55ED78B4299D9450258D183 /* LoadingTipsView.swift */; };
		CB27AB8631553BAC9C82B8B3 /* ClothingRecognitionService.swift in Sources */ = {isa = PBXBuildFile; fileRef = 6CDB485A269FE774F56F0B6B /* ClothingRecognitionService.swift */; };
		CCE3AC47F20E8BE6CB473357 /* RecommendationView.swift in Sources */ = {isa = PBXBuildFile; fileRef = A7995F8AD1B3A4A0D74D53E7 /* RecommendationView.swift */; };
		D6B1F4F413C7F4B5F374F03F /* DefaultCategories.json in Resources */ = {isa = PBXBuildFile; fileRef = 55FD4C7516241BD061067404 /* DefaultCategories.json */; };
		D6D60F754A8C1089EBDE7170 /* ChineseDateFormatter.swift in Sources */ = {isa = PBXBuildFile; fileRef = 114913D31ADBD51FD1952469 /* ChineseDateFormatter.swift */; };
		D893901DBAAF1C6AAEE294A6 /* SmartWardrobeApp.swift in Sources */ = {isa = PBXBuildFile; fileRef = A418B8921DD0D69CEAEB126D /* SmartWardrobeApp.swift */; };
		D9ABC0C95D9BB44DF053D5C6 /* WearRecordItem.swift in Sources */ = {isa = PBXBuildFile; fileRef = 0855C80D7886B67E2A00C72E /* WearRecordItem.swift */; };
		DB7E9DBDAFCBA7391A4AE3B9 /* IdleReminderCard.swift in Sources */ = {isa = PBXBuildFile; fileRef = 4B24256199589E0B7487F6DA /* IdleReminderCard.swift */; };
		E7E9C616E7F6DA814845F02F /* BackgroundRemovalService.swift in Sources */ = {isa = PBXBuildFile; fileRef = F17E0A57B1C8D912A4C91212 /* BackgroundRemovalService.swift */; };
		E90CADF516541F7EECF8F645 /* TodayRecommendationCard.swift in Sources */ = {isa = PBXBuildFile; fileRef = 7DA44D703A083890DB2BD864 /* TodayRecommendationCard.swift */; };
		F258E596FE7834D3EFC26F2C /* ProfileView.swift in Sources */ = {isa = PBXBuildFile; fileRef = 462E5A932355D21C20044AFF /* ProfileView.swift */; };
		F2C0F6D183D7502ED71AD57E /* ClothingThumbnailView.swift in Sources */ = {isa = PBXBuildFile; fileRef = 646391AE2AA8FAF97FACF9FD /* ClothingThumbnailView.swift */; };
		F4EDDC356F400BEF007F8A25 /* RecommendationCardView.swift in Sources */ = {isa = PBXBuildFile; fileRef = DF103040DBE697AF6812E182 /* RecommendationCardView.swift */; };
		F7667494E269D81D2099C9E1 /* TodayCheckinCard.swift in Sources */ = {isa = PBXBuildFile; fileRef = F9D430E3469EE59D5CE1BE3A /* TodayCheckinCard.swift */; };
		F80520E027AF8B83DB8507C5 /* CategoryManagementView.swift in Sources */ = {isa = PBXBuildFile; fileRef = BFCEA10CE9CEAAC9AB4F8C76 /* CategoryManagementView.swift */; };
		F846990CC4AEA4DB7EFDA25E /* TodayView.swift in Sources */ = {isa = PBXBuildFile; fileRef = 9DF4B65FF2D59E0B34F233A2 /* TodayView.swift */; };
		FC3A38FAC10B75A7B078BA29 /* ClothingItemFactory.swift in Sources */ = {isa = PBXBuildFile; fileRef = FD3CA0B8DAB730B2DA24DD03 /* ClothingItemFactory.swift */; };
		FDB9281A12986D9AA7A9DA8E /* ClothingStatusTests.swift in Sources */ = {isa = PBXBuildFile; fileRef = 31BCD75A19948204DA49F4E4 /* ClothingStatusTests.swift */; };
		FDF80CED604CF4513B63DA73 /* WeatherService.swift in Sources */ = {isa = PBXBuildFile; fileRef = 9FCF00CCBBF934E5C8B57197 /* WeatherService.swift */; };
/* End PBXBuildFile section */

/* Begin PBXContainerItemProxy section */
		260C07C611EC3E2E92DADAA8 /* PBXContainerItemProxy */ = {
			isa = PBXContainerItemProxy;
			containerPortal = 0E8261233529597C9440724F /* Project object */;
			proxyType = 1;
			remoteGlobalIDString = 019C55C45C6928B5F8F65812;
			remoteInfo = SmartWardrobe;
		};
/* End PBXContainerItemProxy section */

/* Begin PBXFileReference section */
		0287E7A338917F84BE5F3C79 /* IdleAnalysisService.swift */ = {isa = PBXFileReference; lastKnownFileType = sourcecode.swift; path = IdleAnalysisService.swift; sourceTree = "<group>"; };
		07D253AE1DD92A3BE82A40C7 /* CalendarView.swift */ = {isa = PBXFileReference; lastKnownFileType = sourcecode.swift; path = CalendarView.swift; sourceTree = "<group>"; };
		0855C80D7886B67E2A00C72E /* WearRecordItem.swift */ = {isa = PBXFileReference; lastKnownFileType = sourcecode.swift; path = WearRecordItem.swift; sourceTree = "<group>"; };
		114913D31ADBD51FD1952469 /* ChineseDateFormatter.swift */ = {isa = PBXFileReference; lastKnownFileType = sourcecode.swift; path = ChineseDateFormatter.swift; sourceTree = "<group>"; };
		11982606F344DF8E9180799D /* LLMService.swift */ = {isa = PBXFileReference; lastKnownFileType = sourcecode.swift; path = LLMService.swift; sourceTree = "<group>"; };
		13435B51B1AF7E2DEFD3471A /* AddClothingView.swift */ = {isa = PBXFileReference; lastKnownFileType = sourcecode.swift; path = AddClothingView.swift; sourceTree = "<group>"; };
		149FBAA3AEEAF00B2A614B10 /* ClothingItem.swift */ = {isa = PBXFileReference; lastKnownFileType = sourcecode.swift; path = ClothingItem.swift; sourceTree = "<group>"; };
		16DBECB44094F5150C127F9A /* MannequinSetupView.swift */ = {isa = PBXFileReference; lastKnownFileType = sourcecode.swift; path = MannequinSetupView.swift; sourceTree = "<group>"; };
		1B8B4906965C7A48FFDB9D78 /* ColorPickerGridView.swift */ = {isa = PBXFileReference; lastKnownFileType = sourcecode.swift; path = ColorPickerGridView.swift; sourceTree = "<group>"; };
		218A4986E4EC2D54E876EE77 /* OutfitListView.swift */ = {isa = PBXFileReference; lastKnownFileType = sourcecode.swift; path = OutfitListView.swift; sourceTree = "<group>"; };
		2E470FC15F0C28D1CE21401F /* WardrobeView.swift */ = {isa = PBXFileReference; lastKnownFileType = sourcecode.swift; path = WardrobeView.swift; sourceTree = "<group>"; };
		2FF4881A2F20CAF065DA0116 /* WardrobeDataService.swift */ = {isa = PBXFileReference; lastKnownFileType = sourcecode.swift; path = WardrobeDataService.swift; sourceTree = "<group>"; };
		3157C230306B2B933C0FD422 /* CategorySeeder.swift */ = {isa = PBXFileReference; lastKnownFileType = sourcecode.swift; path = CategorySeeder.swift; sourceTree = "<group>"; };
		31BCD75A19948204DA49F4E4 /* ClothingStatusTests.swift */ = {isa = PBXFileReference; lastKnownFileType = sourcecode.swift; path = ClothingStatusTests.swift; sourceTree = "<group>"; };
		33C0ADB263FCAAF533146838 /* APIKeySettingsView.swift */ = {isa = PBXFileReference; lastKnownFileType = sourcecode.swift; path = APIKeySettingsView.swift; sourceTree = "<group>"; };
		33F19509CC3D9082C7031699 /* WearRecord.swift */ = {isa = PBXFileReference; lastKnownFileType = sourcecode.swift; path = WearRecord.swift; sourceTree = "<group>"; };
		3753BD1DF227A5B3B4862D4E /* Assets.xcassets */ = {isa = PBXFileReference; lastKnownFileType = folder.assetcatalog; path = Assets.xcassets; sourceTree = "<group>"; };
		3D89997908E3B568C2EF3D42 /* ClothingEditView.swift */ = {isa = PBXFileReference; lastKnownFileType = sourcecode.swift; path = ClothingEditView.swift; sourceTree = "<group>"; };
		400299B7AF0779ED725D39AE /* ColorHarmonyService.swift */ = {isa = PBXFileReference; lastKnownFileType = sourcecode.swift; path = ColorHarmonyService.swift; sourceTree = "<group>"; };
		462E5A932355D21C20044AFF /* ProfileView.swift */ = {isa = PBXFileReference; lastKnownFileType = sourcecode.swift; path = ProfileView.swift; sourceTree = "<group>"; };
		46F71D617FE87A0E4DC1F7CD /* ContentView.swift */ = {isa = PBXFileReference; lastKnownFileType = sourcecode.swift; path = ContentView.swift; sourceTree = "<group>"; };
		48A35FBCB61A366CF834720C /* ItemRecommendationView.swift */ = {isa = PBXFileReference; lastKnownFileType = sourcecode.swift; path = ItemRecommendationView.swift; sourceTree = "<group>"; };
		48D1271F4D75738C1AFD0298 /* RecordWearSheet.swift */ = {isa = PBXFileReference; lastKnownFileType = sourcecode.swift; path = RecordWearSheet.swift; sourceTree = "<group>"; };
		4B24256199589E0B7487F6DA /* IdleReminderCard.swift */ = {isa = PBXFileReference; lastKnownFileType = sourcecode.swift; path = IdleReminderCard.swift; sourceTree = "<group>"; };
		4C9C3C312775D9F5B8D0F1F2 /* OutfitCanvasView.swift */ = {isa = PBXFileReference; lastKnownFileType = sourcecode.swift; path = OutfitCanvasView.swift; sourceTree = "<group>"; };
		4F58B8ECC56DD2B95BF5F348 /* TaobaoImportView.swift */ = {isa = PBXFileReference; lastKnownFileType = sourcecode.swift; path = TaobaoImportView.swift; sourceTree = "<group>"; };
		5464FA9DAB7BFB86B29BBF23 /* Category.swift */ = {isa = PBXFileReference; lastKnownFileType = sourcecode.swift; path = Category.swift; sourceTree = "<group>"; };
		55FD4C7516241BD061067404 /* DefaultCategories.json */ = {isa = PBXFileReference; lastKnownFileType = text.json; path = DefaultCategories.json; sourceTree = "<group>"; };
		646391AE2AA8FAF97FACF9FD /* ClothingThumbnailView.swift */ = {isa = PBXFileReference; lastKnownFileType = sourcecode.swift; path = ClothingThumbnailView.swift; sourceTree = "<group>"; };
		6698216FBAC9BC486A36E36D /* ClothingPickerView.swift */ = {isa = PBXFileReference; lastKnownFileType = sourcecode.swift; path = ClothingPickerView.swift; sourceTree = "<group>"; };
		6CDB485A269FE774F56F0B6B /* ClothingRecognitionService.swift */ = {isa = PBXFileReference; lastKnownFileType = sourcecode.swift; path = ClothingRecognitionService.swift; sourceTree = "<group>"; };
		6CEBA7FC7E3A5B97B175D8D4 /* OutfitRecommendationService.swift */ = {isa = PBXFileReference; lastKnownFileType = sourcecode.swift; path = OutfitRecommendationService.swift; sourceTree = "<group>"; };
		6EA8AE5A98D988033ECF643B /* OutfitsTab.swift */ = {isa = PBXFileReference; lastKnownFileType = sourcecode.swift; path = OutfitsTab.swift; sourceTree = "<group>"; };
		7923C8244D295555CE71B73D /* ClothingItem+Computed.swift */ = {isa = PBXFileReference; lastKnownFileType = sourcecode.swift; path = "ClothingItem+Computed.swift"; sourceTree = "<group>"; };
		79DE2E0ECA3F6023E4B063CE /* Outfit.swift */ = {isa = PBXFileReference; lastKnownFileType = sourcecode.swift; path = Outfit.swift; sourceTree = "<group>"; };
		7BD9D0F1BF4067E21D8E53EF /* StatsView.swift */ = {isa = PBXFileReference; lastKnownFileType = sourcecode.swift; path = StatsView.swift; sourceTree = "<group>"; };
		7DA44D703A083890DB2BD864 /* TodayRecommendationCard.swift */ = {isa = PBXFileReference; lastKnownFileType = sourcecode.swift; path = TodayRecommendationCard.swift; sourceTree = "<group>"; };
		7E9A7F3072090E2708C9A656 /* APIKeyManager.swift */ = {isa = PBXFileReference; lastKnownFileType = sourcecode.swift; path = APIKeyManager.swift; sourceTree = "<group>"; };
		81EAF7752426D6D624D81D86 /* PrivacyInfo.xcprivacy */ = {isa = PBXFileReference; path = PrivacyInfo.xcprivacy; sourceTree = "<group>"; };
		85B8D90C32399EDAB0E6DA54 /* CPWRankingView.swift */ = {isa = PBXFileReference; lastKnownFileType = sourcecode.swift; path = CPWRankingView.swift; sourceTree = "<group>"; };
		87D43BB6D6EE4303584846F8 /* MannequinPhotoService.swift */ = {isa = PBXFileReference; lastKnownFileType = sourcecode.swift; path = MannequinPhotoService.swift; sourceTree = "<group>"; };
		88311E22882D083084177BB0 /* ClothingDetailView.swift */ = {isa = PBXFileReference; lastKnownFileType = sourcecode.swift; path = ClothingDetailView.swift; sourceTree = "<group>"; };
		8B5C5F0F7DDA4D940D2564EB /* InfoPlist.strings */ = {isa = PBXFileReference; lastKnownFileType = text.plist.strings; name = InfoPlist.strings; path = "zh-Hans.lproj/InfoPlist.strings"; sourceTree = "<group>"; };
		8C82E5D05B6DD0264F18A3F9 /* IdleAnalysisTests.swift */ = {isa = PBXFileReference; lastKnownFileType = sourcecode.swift; path = IdleAnalysisTests.swift; sourceTree = "<group>"; };
		8D250A6163A7A0D4943B27D7 /* Info.plist */ = {isa = PBXFileReference; lastKnownFileType = text.plist; path = Info.plist; sourceTree = "<group>"; };
		92068D75FD0802E1DC61D5E1 /* ColorDetectionTests.swift */ = {isa = PBXFileReference; lastKnownFileType = sourcecode.swift; path = ColorDetectionTests.swift; sourceTree = "<group>"; };
		94807B81425ED8411C0656E1 /* ImageEditorView.swift */ = {isa = PBXFileReference; lastKnownFileType = sourcecode.swift; path = ImageEditorView.swift; sourceTree = "<group>"; };
		9B0DF0E0C2308A5D4C930173 /* Constants.swift */ = {isa = PBXFileReference; lastKnownFileType = sourcecode.swift; path = Constants.swift; sourceTree = "<group>"; };
		9DEB6CDD8DC88BA226526D2E /* RetiredItemsView.swift */ = {isa = PBXFileReference; lastKnownFileType = sourcecode.swift; path = RetiredItemsView.swift; sourceTree = "<group>"; };
		9DF4B65FF2D59E0B34F233A2 /* TodayView.swift */ = {isa = PBXFileReference; lastKnownFileType = sourcecode.swift; path = TodayView.swift; sourceTree = "<group>"; };
		9FCF00CCBBF934E5C8B57197 /* WeatherService.swift */ = {isa = PBXFileReference; lastKnownFileType = sourcecode.swift; path = WeatherService.swift; sourceTree = "<group>"; };
		A00A1285C0D198D3078EEBC9 /* SimilarityCheckService.swift */ = {isa = PBXFileReference; lastKnownFileType = sourcecode.swift; path = SimilarityCheckService.swift; sourceTree = "<group>"; };
		A381332DD0FDE5C050181537 /* ImageStorageService.swift */ = {isa = PBXFileReference; lastKnownFileType = sourcecode.swift; path = ImageStorageService.swift; sourceTree = "<group>"; };
		A418B8921DD0D69CEAEB126D /* SmartWardrobeApp.swift */ = {isa = PBXFileReference; lastKnownFileType = sourcecode.swift; path = SmartWardrobeApp.swift; sourceTree = "<group>"; };
		A55ED78B4299D9450258D183 /* LoadingTipsView.swift */ = {isa = PBXFileReference; lastKnownFileType = sourcecode.swift; path = LoadingTipsView.swift; sourceTree = "<group>"; };
		A7995F8AD1B3A4A0D74D53E7 /* RecommendationView.swift */ = {isa = PBXFileReference; lastKnownFileType = sourcecode.swift; path = RecommendationView.swift; sourceTree = "<group>"; };
		A80B1AD22DDD86BBC15DF513 /* TaobaoParserService.swift */ = {isa = PBXFileReference; lastKnownFileType = sourcecode.swift; path = TaobaoParserService.swift; sourceTree = "<group>"; };
		AC016CC9C9F18A935E9936A4 /* ColorExtensions.swift */ = {isa = PBXFileReference; lastKnownFileType = sourcecode.swift; path = ColorExtensions.swift; sourceTree = "<group>"; };
		AF268DC7A65C717588FE921D /* BatchImportView.swift */ = {isa = PBXFileReference; lastKnownFileType = sourcecode.swift; path = BatchImportView.swift; sourceTree = "<group>"; };
		AFF48CF0522004E6BE1A8EDB /* SimilarClothingResultView.swift */ = {isa = PBXFileReference; lastKnownFileType = sourcecode.swift; path = SimilarClothingResultView.swift; sourceTree = "<group>"; };
		BBD5E31BB6AFFE5AC14B3FAC /* OutfitSlot.swift */ = {isa = PBXFileReference; lastKnownFileType = sourcecode.swift; path = OutfitSlot.swift; sourceTree = "<group>"; };
		BC9BF3B608CD94A32F5D9547 /* ImageExtensions.swift */ = {isa = PBXFileReference; lastKnownFileType = sourcecode.swift; path = ImageExtensions.swift; sourceTree = "<group>"; };
		BDE303612265E5BCA86EBCE7 /* DataManagementView.swift */ = {isa = PBXFileReference; lastKnownFileType = sourcecode.swift; path = DataManagementView.swift; sourceTree = "<group>"; };
		BF2036186044E4FE91A4BC83 /* WearRecordDetailView.swift */ = {isa = PBXFileReference; lastKnownFileType = sourcecode.swift; path = WearRecordDetailView.swift; sourceTree = "<group>"; };
		BFCEA10CE9CEAAC9AB4F8C76 /* CategoryManagementView.swift */ = {isa = PBXFileReference; lastKnownFileType = sourcecode.swift; path = CategoryManagementView.swift; sourceTree = "<group>"; };
		C1C75AD58F561B90A776E1D5 /* ModelContext+Save.swift */ = {isa = PBXFileReference; lastKnownFileType = sourcecode.swift; path = "ModelContext+Save.swift"; sourceTree = "<group>"; };
		D8A2DA2627DB727F706D150B /* ColorHarmonyTests.swift */ = {isa = PBXFileReference; lastKnownFileType = sourcecode.swift; path = ColorHarmonyTests.swift; sourceTree = "<group>"; };
		D8BD8EDB9350463BA62A40C7 /* RecommendationProgressView.swift */ = {isa = PBXFileReference; lastKnownFileType = sourcecode.swift; path = RecommendationProgressView.swift; sourceTree = "<group>"; };
		D97B99A5DEA13F54C739E79F /* ColorHarmonyBarView.swift */ = {isa = PBXFileReference; lastKnownFileType = sourcecode.swift; path = ColorHarmonyBarView.swift; sourceTree = "<group>"; };
		DC41F45132BD00EEEFC90267 /* MultiSelectClothingGrid.swift */ = {isa = PBXFileReference; lastKnownFileType = sourcecode.swift; path = MultiSelectClothingGrid.swift; sourceTree = "<group>"; };
		DD1557DF13392FE206890438 /* ClothingStatus.swift */ = {isa = PBXFileReference; lastKnownFileType = sourcecode.swift; path = ClothingStatus.swift; sourceTree = "<group>"; };
		DF103040DBE697AF6812E182 /* RecommendationCardView.swift */ = {isa = PBXFileReference; lastKnownFileType = sourcecode.swift; path = RecommendationCardView.swift; sourceTree = "<group>"; };
		E6830F2DB65920D52601BD7D /* SmartWardrobeTests.xctest */ = {isa = PBXFileReference; includeInIndex = 0; lastKnownFileType = wrapper.cfbundle; path = SmartWardrobeTests.xctest; sourceTree = BUILT_PRODUCTS_DIR; };
		E6B82CACF4EC3116E8D415BB /* TodayWeatherBar.swift */ = {isa = PBXFileReference; lastKnownFileType = sourcecode.swift; path = TodayWeatherBar.swift; sourceTree = "<group>"; };
		E8FE03AF16800902A93C9467 /* SmartWardrobe.app */ = {isa = PBXFileReference; includeInIndex = 0; lastKnownFileType = wrapper.application; path = SmartWardrobe.app; sourceTree = BUILT_PRODUCTS_DIR; };
		EBF4197024F9781D5A597D2B /* SavingProgressView.swift */ = {isa = PBXFileReference; lastKnownFileType = sourcecode.swift; path = SavingProgressView.swift; sourceTree = "<group>"; };
		F1511C0C3A38ACF176DDA7C9 /* TodaySnapshotGrid.swift */ = {isa = PBXFileReference; lastKnownFileType = sourcecode.swift; path = TodaySnapshotGrid.swift; sourceTree = "<group>"; };
		F17E0A57B1C8D912A4C91212 /* BackgroundRemovalService.swift */ = {isa = PBXFileReference; lastKnownFileType = sourcecode.swift; path = BackgroundRemovalService.swift; sourceTree = "<group>"; };
		F9D430E3469EE59D5CE1BE3A /* TodayCheckinCard.swift */ = {isa = PBXFileReference; lastKnownFileType = sourcecode.swift; path = TodayCheckinCard.swift; sourceTree = "<group>"; };
		FD3CA0B8DAB730B2DA24DD03 /* ClothingItemFactory.swift */ = {isa = PBXFileReference; lastKnownFileType = sourcecode.swift; path = ClothingItemFactory.swift; sourceTree = "<group>"; };
/* End PBXFileReference section */

/* Begin PBXFrameworksBuildPhase section */
		AB357A1CE18FA0A13C78457B /* Frameworks */ = {
			isa = PBXFrameworksBuildPhase;
			buildActionMask = 2147483647;
			files = (
				1FE5917CB469B0BADC421869 /* ZIPFoundation in Frameworks */,
			);
			runOnlyForDeploymentPostprocessing = 0;
		};
/* End PBXFrameworksBuildPhase section */

/* Begin PBXGroup section */
		0C547DD232D723FA27DB3652 /* Stats */ = {
			isa = PBXGroup;
			children = (
				7BD9D0F1BF4067E21D8E53EF /* StatsView.swift */,
			);
			path = Stats;
			sourceTree = "<group>";
		};
		2C0651279E36A31FC3EF697A /* Outfit */ = {
			isa = PBXGroup;
			children = (
				6698216FBAC9BC486A36E36D /* ClothingPickerView.swift */,
				D97B99A5DEA13F54C739E79F /* ColorHarmonyBarView.swift */,
				4C9C3C312775D9F5B8D0F1F2 /* OutfitCanvasView.swift */,
				218A4986E4EC2D54E876EE77 /* OutfitListView.swift */,
			);
			path = Outfit;
			sourceTree = "<group>";
		};
		2CE6E7DB660CBD988BFCEB4C /* Today */ = {
			isa = PBXGroup;
			children = (
				4B24256199589E0B7487F6DA /* IdleReminderCard.swift */,
				F9D430E3469EE59D5CE1BE3A /* TodayCheckinCard.swift */,
				7DA44D703A083890DB2BD864 /* TodayRecommendationCard.swift */,
				F1511C0C3A38ACF176DDA7C9 /* TodaySnapshotGrid.swift */,
				9DF4B65FF2D59E0B34F233A2 /* TodayView.swift */,
				E6B82CACF4EC3116E8D415BB /* TodayWeatherBar.swift */,
			);
			path = Today;
			sourceTree = "<group>";
		};
		2F528184DE1DC796647E4624 /* Category */ = {
			isa = PBXGroup;
			children = (
				BFCEA10CE9CEAAC9AB4F8C76 /* CategoryManagementView.swift */,
			);
			path = Category;
			sourceTree = "<group>";
		};
		2FD7EF4448C1803B2BDBA607 /* Utils */ = {
			isa = PBXGroup;
			children = (
				114913D31ADBD51FD1952469 /* ChineseDateFormatter.swift */,
			);
			path = Utils;
			sourceTree = "<group>";
		};
		31F7D4B0F545FC18C954A561 /* Recommendation */ = {
			isa = PBXGroup;
			children = (
				48A35FBCB61A366CF834720C /* ItemRecommendationView.swift */,
				DF103040DBE697AF6812E182 /* RecommendationCardView.swift */,
				A7995F8AD1B3A4A0D74D53E7 /* RecommendationView.swift */,
			);
			path = Recommendation;
			sourceTree = "<group>";
		};
		4AD063AC9FF7B098C7746FCD /* Views */ = {
			isa = PBXGroup;
			children = (
				57CB57575333CECE7BFEA8D2 /* Calendar */,
				8E14A3D629D3D497D2AB8C54 /* Camera */,
				2F528184DE1DC796647E4624 /* Category */,
				7310B648F937309B24DA6037 /* Components */,
				55C379FD9B7731059DD7B931 /* Detail */,
				2C0651279E36A31FC3EF697A /* Outfit */,
				68225980D4DC5E78528E116C /* Outfits */,
				CC5F30ADC8F0BC2120372751 /* Profile */,
				31F7D4B0F545FC18C954A561 /* Recommendation */,
				5E528A2FFFC97E4FF091F1B7 /* Settings */,
				0C547DD232D723FA27DB3652 /* Stats */,
				2CE6E7DB660CBD988BFCEB4C /* Today */,
				96EFFDEAF0DDB7E6CA30EC6E /* Wardrobe */,
			);
			path = Views;
			sourceTree = "<group>";
		};
		51CDA0535366BBF75162ED60 /* SmartWardrobeTests */ = {
			isa = PBXGroup;
			children = (
				31BCD75A19948204DA49F4E4 /* ClothingStatusTests.swift */,
				92068D75FD0802E1DC61D5E1 /* ColorDetectionTests.swift */,
				D8A2DA2627DB727F706D150B /* ColorHarmonyTests.swift */,
				8C82E5D05B6DD0264F18A3F9 /* IdleAnalysisTests.swift */,
			);
			path = SmartWardrobeTests;
			sourceTree = "<group>";
		};
		52747A5E8DD4954CEAB5108D /* Utilities */ = {
			isa = PBXGroup;
			children = (
				AC016CC9C9F18A935E9936A4 /* ColorExtensions.swift */,
				9B0DF0E0C2308A5D4C930173 /* Constants.swift */,
				BC9BF3B608CD94A32F5D9547 /* ImageExtensions.swift */,
				C1C75AD58F561B90A776E1D5 /* ModelContext+Save.swift */,
			);
			path = Utilities;
			sourceTree = "<group>";
		};
		55C379FD9B7731059DD7B931 /* Detail */ = {
			isa = PBXGroup;
			children = (
				88311E22882D083084177BB0 /* ClothingDetailView.swift */,
				3D89997908E3B568C2EF3D42 /* ClothingEditView.swift */,
			);
			path = Detail;
			sourceTree = "<group>";
		};
		574E724E993A3515B67C21D6 /* Models */ = {
			isa = PBXGroup;
			children = (
				5464FA9DAB7BFB86B29BBF23 /* Category.swift */,
				149FBAA3AEEAF00B2A614B10 /* ClothingItem.swift */,
				7923C8244D295555CE71B73D /* ClothingItem+Computed.swift */,
				DD1557DF13392FE206890438 /* ClothingStatus.swift */,
				79DE2E0ECA3F6023E4B063CE /* Outfit.swift */,
				BBD5E31BB6AFFE5AC14B3FAC /* OutfitSlot.swift */,
				33F19509CC3D9082C7031699 /* WearRecord.swift */,
				0855C80D7886B67E2A00C72E /* WearRecordItem.swift */,
			);
			path = Models;
			sourceTree = "<group>";
		};
		57CB57575333CECE7BFEA8D2 /* Calendar */ = {
			isa = PBXGroup;
			children = (
				07D253AE1DD92A3BE82A40C7 /* CalendarView.swift */,
				48D1271F4D75738C1AFD0298 /* RecordWearSheet.swift */,
				BF2036186044E4FE91A4BC83 /* WearRecordDetailView.swift */,
			);
			path = Calendar;
			sourceTree = "<group>";
		};
		5E528A2FFFC97E4FF091F1B7 /* Settings */ = {
			isa = PBXGroup;
			children = (
				33C0ADB263FCAAF533146838 /* APIKeySettingsView.swift */,
				16DBECB44094F5150C127F9A /* MannequinSetupView.swift */,
			);
			path = Settings;
			sourceTree = "<group>";
		};
		5EFD09228441B6793DC4C49B /* Products */ = {
			isa = PBXGroup;
			children = (
				E8FE03AF16800902A93C9467 /* SmartWardrobe.app */,
				E6830F2DB65920D52601BD7D /* SmartWardrobeTests.xctest */,
			);
			name = Products;
			sourceTree = "<group>";
		};
		68225980D4DC5E78528E116C /* Outfits */ = {
			isa = PBXGroup;
			children = (
				6EA8AE5A98D988033ECF643B /* OutfitsTab.swift */,
			);
			path = Outfits;
			sourceTree = "<group>";
		};
		7310B648F937309B24DA6037 /* Components */ = {
			isa = PBXGroup;
			children = (
				646391AE2AA8FAF97FACF9FD /* ClothingThumbnailView.swift */,
				1B8B4906965C7A48FFDB9D78 /* ColorPickerGridView.swift */,
				A55ED78B4299D9450258D183 /* LoadingTipsView.swift */,
				DC41F45132BD00EEEFC90267 /* MultiSelectClothingGrid.swift */,
				D8BD8EDB9350463BA62A40C7 /* RecommendationProgressView.swift */,
				EBF4197024F9781D5A597D2B /* SavingProgressView.swift */,
				AFF48CF0522004E6BE1A8EDB /* SimilarClothingResultView.swift */,
			);
			path = Components;
			sourceTree = "<group>";
		};
		8E14A3D629D3D497D2AB8C54 /* Camera */ = {
			isa = PBXGroup;
			children = (
				13435B51B1AF7E2DEFD3471A /* AddClothingView.swift */,
				AF268DC7A65C717588FE921D /* BatchImportView.swift */,
				94807B81425ED8411C0656E1 /* ImageEditorView.swift */,
				4F58B8ECC56DD2B95BF5F348 /* TaobaoImportView.swift */,
			);
			path = Camera;
			sourceTree = "<group>";
		};
		96EFFDEAF0DDB7E6CA30EC6E /* Wardrobe */ = {
			isa = PBXGroup;
			children = (
				2E470FC15F0C28D1CE21401F /* WardrobeView.swift */,
			);
			path = Wardrobe;
			sourceTree = "<group>";
		};
		C21EC20FACBF353A8A391B2D = {
			isa = PBXGroup;
			children = (
				F4203A461508F6C43ECDA31A /* SmartWardrobe */,
				51CDA0535366BBF75162ED60 /* SmartWardrobeTests */,
				5EFD09228441B6793DC4C49B /* Products */,
			);
			sourceTree = "<group>";
		};
		C9C7E2713E8BC285A06227BF /* Resources */ = {
			isa = PBXGroup;
			children = (
				3753BD1DF227A5B3B4862D4E /* Assets.xcassets */,
				55FD4C7516241BD061067404 /* DefaultCategories.json */,
				81EAF7752426D6D624D81D86 /* PrivacyInfo.xcprivacy */,
			);
			path = Resources;
			sourceTree = "<group>";
		};
		CC5F30ADC8F0BC2120372751 /* Profile */ = {
			isa = PBXGroup;
			children = (
				85B8D90C32399EDAB0E6DA54 /* CPWRankingView.swift */,
				BDE303612265E5BCA86EBCE7 /* DataManagementView.swift */,
				462E5A932355D21C20044AFF /* ProfileView.swift */,
				9DEB6CDD8DC88BA226526D2E /* RetiredItemsView.swift */,
			);
			path = Profile;
			sourceTree = "<group>";
		};
		D889C0D68181E0119C5C947F /* Services */ = {
			isa = PBXGroup;
			children = (
				7E9A7F3072090E2708C9A656 /* APIKeyManager.swift */,
				F17E0A57B1C8D912A4C91212 /* BackgroundRemovalService.swift */,
				3157C230306B2B933C0FD422 /* CategorySeeder.swift */,
				FD3CA0B8DAB730B2DA24DD03 /* ClothingItemFactory.swift */,
				6CDB485A269FE774F56F0B6B /* ClothingRecognitionService.swift */,
				400299B7AF0779ED725D39AE /* ColorHarmonyService.swift */,
				0287E7A338917F84BE5F3C79 /* IdleAnalysisService.swift */,
				A381332DD0FDE5C050181537 /* ImageStorageService.swift */,
				11982606F344DF8E9180799D /* LLMService.swift */,
				87D43BB6D6EE4303584846F8 /* MannequinPhotoService.swift */,
				6CEBA7FC7E3A5B97B175D8D4 /* OutfitRecommendationService.swift */,
				A00A1285C0D198D3078EEBC9 /* SimilarityCheckService.swift */,
				A80B1AD22DDD86BBC15DF513 /* TaobaoParserService.swift */,
				2FF4881A2F20CAF065DA0116 /* WardrobeDataService.swift */,
				9FCF00CCBBF934E5C8B57197 /* WeatherService.swift */,
			);
			path = Services;
			sourceTree = "<group>";
		};
		F4203A461508F6C43ECDA31A /* SmartWardrobe */ = {
			isa = PBXGroup;
			children = (
				46F71D617FE87A0E4DC1F7CD /* ContentView.swift */,
				8D250A6163A7A0D4943B27D7 /* Info.plist */,
				8B5C5F0F7DDA4D940D2564EB /* InfoPlist.strings */,
				A418B8921DD0D69CEAEB126D /* SmartWardrobeApp.swift */,
				574E724E993A3515B67C21D6 /* Models */,
				C9C7E2713E8BC285A06227BF /* Resources */,
				D889C0D68181E0119C5C947F /* Services */,
				52747A5E8DD4954CEAB5108D /* Utilities */,
				2FD7EF4448C1803B2BDBA607 /* Utils */,
				4AD063AC9FF7B098C7746FCD /* Views */,
			);
			path = SmartWardrobe;
			sourceTree = "<group>";
		};
/* End PBXGroup section */

/* Begin PBXNativeTarget section */
		019C55C45C6928B5F8F65812 /* SmartWardrobe */ = {
			isa = PBXNativeTarget;
			buildConfigurationList = FAE3248CEF85CBCDCD679146 /* Build configuration list for PBXNativeTarget "SmartWardrobe" */;
			buildPhases = (
				892BB1CBDB4D00D282468555 /* Sources */,
				7B2D9AF58CEE76639E41027C /* Resources */,
				AB357A1CE18FA0A13C78457B /* Frameworks */,
			);
			buildRules = (
			);
			dependencies = (
			);
			name = SmartWardrobe;
			packageProductDependencies = (
				62E33F2E922BED7058A0B3B2 /* ZIPFoundation */,
			);
			productName = SmartWardrobe;
			productReference = E8FE03AF16800902A93C9467 /* SmartWardrobe.app */;
			productType = "com.apple.product-type.application";
		};
		3B1C60516AC3E142569D2D61 /* SmartWardrobeTests */ = {
			isa = PBXNativeTarget;
			buildConfigurationList = 0840E99480752F1EA511F7E3 /* Build configuration list for PBXNativeTarget "SmartWardrobeTests" */;
			buildPhases = (
				AC6F96037BF3DA729C53ED3A /* Sources */,
			);
			buildRules = (
			);
			dependencies = (
				838B5D4FD849CB3467D768AA /* PBXTargetDependency */,
			);
			name = SmartWardrobeTests;
			packageProductDependencies = (
			);
			productName = SmartWardrobeTests;
			productReference = E6830F2DB65920D52601BD7D /* SmartWardrobeTests.xctest */;
			productType = "com.apple.product-type.bundle.unit-test";
		};
/* End PBXNativeTarget section */

/* Begin PBXProject section */
		0E8261233529597C9440724F /* Project object */ = {
			isa = PBXProject;
			attributes = {
				BuildIndependentTargetsInParallel = YES;
				LastUpgradeCheck = 1600;
				TargetAttributes = {
				};
			};
			buildConfigurationList = 9D87B6AF2C02A5316E72F065 /* Build configuration list for PBXProject "SmartWardrobe" */;
			developmentRegion = en;
			hasScannedForEncodings = 0;
			knownRegions = (
				Base,
				en,
				"zh-Hans",
			);
			mainGroup = C21EC20FACBF353A8A391B2D;
			minimizedProjectReferenceProxies = 1;
			packageReferences = (
				C1E362C3B53EAB4A22C1C56C /* XCRemoteSwiftPackageReference "ZIPFoundation" */,
			);
			preferredProjectObjectVersion = 77;
			productRefGroup = 5EFD09228441B6793DC4C49B /* Products */;
			projectDirPath = "";
			projectRoot = "";
			targets = (
				019C55C45C6928B5F8F65812 /* SmartWardrobe */,
				3B1C60516AC3E142569D2D61 /* SmartWardrobeTests */,
			);
		};
/* End PBXProject section */

/* Begin PBXResourcesBuildPhase section */
		7B2D9AF58CEE76639E41027C /* Resources */ = {
			isa = PBXResourcesBuildPhase;
			buildActionMask = 2147483647;
			files = (
				3909A95986141C74E89606AB /* Assets.xcassets in Resources */,
				D6B1F4F413C7F4B5F374F03F /* DefaultCategories.json in Resources */,
				19B24FF42ADA5DC665F220B6 /* InfoPlist.strings in Resources */,
				3DB567C4F78DCEFB8859DCFC /* PrivacyInfo.xcprivacy in Resources */,
			);
			runOnlyForDeploymentPostprocessing = 0;
		};
/* End PBXResourcesBuildPhase section */

/* Begin PBXSourcesBuildPhase section */
		892BB1CBDB4D00D282468555 /* Sources */ = {
			isa = PBXSourcesBuildPhase;
			buildActionMask = 2147483647;
			files = (
				97E472C28627603039BC15E8 /* APIKeyManager.swift in Sources */,
				AAF8F3F9D8D11305B38198C4 /* APIKeySettingsView.swift in Sources */,
				428070CE4CFDB9D3997901B4 /* AddClothingView.swift in Sources */,
				E7E9C616E7F6DA814845F02F /* BackgroundRemovalService.swift in Sources */,
				99B3EA6D39BF293AC09766A0 /* BatchImportView.swift in Sources */,
				AAA2506B9A1FB2CDD763E25F /* CPWRankingView.swift in Sources */,
				5675946CE9351FA74F1F3834 /* CalendarView.swift in Sources */,
				87512E54C4734046264725BD /* Category.swift in Sources */,
				F80520E027AF8B83DB8507C5 /* CategoryManagementView.swift in Sources */,
				03D1AED4C7386F3B330A9650 /* CategorySeeder.swift in Sources */,
				D6D60F754A8C1089EBDE7170 /* ChineseDateFormatter.swift in Sources */,
				B1DE800DDD2BCED51ECA019F /* ClothingDetailView.swift in Sources */,
				2C12124244E53D14931500BA /* ClothingEditView.swift in Sources */,
				7530491117AE1AE26364CB26 /* ClothingItem+Computed.swift in Sources */,
				001F33B5FB7913A309F84F8A /* ClothingItem.swift in Sources */,
				FC3A38FAC10B75A7B078BA29 /* ClothingItemFactory.swift in Sources */,
				3299D4129511246FD69D5786 /* ClothingPickerView.swift in Sources */,
				CB27AB8631553BAC9C82B8B3 /* ClothingRecognitionService.swift in Sources */,
				4C6C9F94E24FE9F3F5B939DC /* ClothingStatus.swift in Sources */,
				F2C0F6D183D7502ED71AD57E /* ClothingThumbnailView.swift in Sources */,
				278B0438BCAD002AE5D78CFB /* ColorExtensions.swift in Sources */,
				8FC8327C48F83D79D9EC0F12 /* ColorHarmonyBarView.swift in Sources */,
				B835F847973971207AD5BFBB /* ColorHarmonyService.swift in Sources */,
				3A97DFC15AAB69C00A6D265F /* ColorPickerGridView.swift in Sources */,
				4FD7DD1F814930BB10D6A4D7 /* Constants.swift in Sources */,
				5F3F1C9F0CAE7E890A321964 /* ContentView.swift in Sources */,
				07F1A4EE33FC96B152CBD738 /* DataManagementView.swift in Sources */,
				5B61FFFC1F252C795FAF6F1C /* IdleAnalysisService.swift in Sources */,
				DB7E9DBDAFCBA7391A4AE3B9 /* IdleReminderCard.swift in Sources */,
				5D07DDDAAEB47013C1EE9CFE /* ImageEditorView.swift in Sources */,
				3FEFA132A733C084AE7C7797 /* ImageExtensions.swift in Sources */,
				0CA0AA15183B200F496906B3 /* ImageStorageService.swift in Sources */,
				0E9ED49508FF62C6EBC1BBDA /* ItemRecommendationView.swift in Sources */,
				6C60A5E3D0BB731447E0AD20 /* LLMService.swift in Sources */,
				C524977CAB8FD2C7B790FDC8 /* LoadingTipsView.swift in Sources */,
				77EE08333A1D9707FA5E08DE /* MannequinPhotoService.swift in Sources */,
				8E8EFCE6BD6A020311AF1B18 /* MannequinSetupView.swift in Sources */,
				B6598F37332A2BE8714D5E0A /* ModelContext+Save.swift in Sources */,
				193591416D20288E9452112F /* MultiSelectClothingGrid.swift in Sources */,
				93A6277B750DBA6890FBC595 /* Outfit.swift in Sources */,
				59671156FBF9F1766765F994 /* OutfitCanvasView.swift in Sources */,
				1BCC0B9E006BE0E331D3729D /* OutfitListView.swift in Sources */,
				4E5A880DB7CDCC8B7DD34C53 /* OutfitRecommendationService.swift in Sources */,
				8DDFD6AF8FE9CD9F4CBB44AE /* OutfitSlot.swift in Sources */,
				BC17A71B75DAC11DA0775BFC /* OutfitsTab.swift in Sources */,
				F258E596FE7834D3EFC26F2C /* ProfileView.swift in Sources */,
				F4EDDC356F400BEF007F8A25 /* RecommendationCardView.swift in Sources */,
				9CB1D47D5D790847184C2A4A /* RecommendationProgressView.swift in Sources */,
				CCE3AC47F20E8BE6CB473357 /* RecommendationView.swift in Sources */,
				629F110D551DDEEE7B1CB3C6 /* RecordWearSheet.swift in Sources */,
				0FA40FAAB944EFDF857DBBA8 /* RetiredItemsView.swift in Sources */,
				59E6105723B1FA119F392164 /* SavingProgressView.swift in Sources */,
				72DCCF3E3A5C0ABCBDED2C31 /* SimilarClothingResultView.swift in Sources */,
				A83E4C6D971003E7B0BDE8A8 /* SimilarityCheckService.swift in Sources */,
				D893901DBAAF1C6AAEE294A6 /* SmartWardrobeApp.swift in Sources */,
				681977650A3B929E6C2601C4 /* StatsView.swift in Sources */,
				040BC44AD1859D436B87A571 /* TaobaoImportView.swift in Sources */,
				9B21DFE0FE5881C7B5A30AA1 /* TaobaoParserService.swift in Sources */,
				F7667494E269D81D2099C9E1 /* TodayCheckinCard.swift in Sources */,
				E90CADF516541F7EECF8F645 /* TodayRecommendationCard.swift in Sources */,
				028772DDD550852FA97193E0 /* TodaySnapshotGrid.swift in Sources */,
				F846990CC4AEA4DB7EFDA25E /* TodayView.swift in Sources */,
				AE2D8E2E15AE9F185B207B03 /* TodayWeatherBar.swift in Sources */,
				C1CC3391AB9E98B8D6F5724A /* WardrobeDataService.swift in Sources */,
				3B51208AAAD3FC421A569A48 /* WardrobeView.swift in Sources */,
				B9F84CDF2655960BBACBE2C9 /* WearRecord.swift in Sources */,
				7725C4DB31C54B6928933D1E /* WearRecordDetailView.swift in Sources */,
				D9ABC0C95D9BB44DF053D5C6 /* WearRecordItem.swift in Sources */,
				FDF80CED604CF4513B63DA73 /* WeatherService.swift in Sources */,
			);
			runOnlyForDeploymentPostprocessing = 0;
		};
		AC6F96037BF3DA729C53ED3A /* Sources */ = {
			isa = PBXSourcesBuildPhase;
			buildActionMask = 2147483647;
			files = (
				FDB9281A12986D9AA7A9DA8E /* ClothingStatusTests.swift in Sources */,
				23DC593ACA46F9A3336F580B /* ColorDetectionTests.swift in Sources */,
				62CA9DB53EB4FD000BBF7F47 /* ColorHarmonyTests.swift in Sources */,
				434B2441C1F8A181C831C9C3 /* IdleAnalysisTests.swift in Sources */,
			);
			runOnlyForDeploymentPostprocessing = 0;
		};
/* End PBXSourcesBuildPhase section */

/* Begin PBXTargetDependency section */
		838B5D4FD849CB3467D768AA /* PBXTargetDependency */ = {
			isa = PBXTargetDependency;
			target = 019C55C45C6928B5F8F65812 /* SmartWardrobe */;
			targetProxy = 260C07C611EC3E2E92DADAA8 /* PBXContainerItemProxy */;
		};
/* End PBXTargetDependency section */

/* Begin XCBuildConfiguration section */
		1A76523B4F92985E2F0AC771 /* Debug */ = {
			isa = XCBuildConfiguration;
			buildSettings = {
				ASSETCATALOG_COMPILER_APPICON_NAME = AppIcon;
				CODE_SIGN_IDENTITY = "iPhone Developer";
				INFOPLIST_FILE = SmartWardrobe/Info.plist;
				INFOPLIST_KEY_CFBundleDisplayName = "智能衣橱";
				LD_RUNPATH_SEARCH_PATHS = (
					"$(inherited)",
					"@executable_path/Frameworks",
				);
				PRODUCT_BUNDLE_IDENTIFIER = com.smartwardrobe.app;
				SDKROOT = iphoneos;
				TARGETED_DEVICE_FAMILY = "1,2";
			};
			name = Debug;
		};
		452CE690F3EBD7F28D163E2E /* Release */ = {
			isa = XCBuildConfiguration;
			buildSettings = {
				ASSETCATALOG_COMPILER_APPICON_NAME = AppIcon;
				CODE_SIGN_IDENTITY = "iPhone Developer";
				INFOPLIST_FILE = SmartWardrobe/Info.plist;
				INFOPLIST_KEY_CFBundleDisplayName = "智能衣橱";
				LD_RUNPATH_SEARCH_PATHS = (
					"$(inherited)",
					"@executable_path/Frameworks",
				);
				PRODUCT_BUNDLE_IDENTIFIER = com.smartwardrobe.app;
				SDKROOT = iphoneos;
				TARGETED_DEVICE_FAMILY = "1,2";
			};
			name = Release;
		};
		5E3B637A2D48A1023BFD483A /* Release */ = {
			isa = XCBuildConfiguration;
			buildSettings = {
				ALWAYS_SEARCH_USER_PATHS = NO;
				ASSETCATALOG_COMPILER_APPICON_NAME = AppIcon;
				ASSETCATALOG_COMPILER_GLOBAL_ACCENT_COLOR_NAME = AccentColor;
				CLANG_ANALYZER_NONNULL = YES;
				CLANG_ANALYZER_NUMBER_OBJECT_CONVERSION = YES_AGGRESSIVE;
				CLANG_CXX_LANGUAGE_STANDARD = "gnu++14";
				CLANG_CXX_LIBRARY = "libc++";
				CLANG_ENABLE_MODULES = YES;
				CLANG_ENABLE_OBJC_ARC = YES;
				CLANG_ENABLE_OBJC_WEAK = YES;
				CLANG_WARN_BLOCK_CAPTURE_AUTORELEASING = YES;
				CLANG_WARN_BOOL_CONVERSION = YES;
				CLANG_WARN_COMMA = YES;
				CLANG_WARN_CONSTANT_CONVERSION = YES;
				CLANG_WARN_DEPRECATED_OBJC_IMPLEMENTATIONS = YES;
				CLANG_WARN_DIRECT_OBJC_ISA_USAGE = YES_ERROR;
				CLANG_WARN_DOCUMENTATION_COMMENTS = YES;
				CLANG_WARN_EMPTY_BODY = YES;
				CLANG_WARN_ENUM_CONVERSION = YES;
				CLANG_WARN_INFINITE_RECURSION = YES;
				CLANG_WARN_INT_CONVERSION = YES;
				CLANG_WARN_NON_LITERAL_NULL_CONVERSION = YES;
				CLANG_WARN_OBJC_IMPLICIT_RETAIN_SELF = YES;
				CLANG_WARN_OBJC_LITERAL_CONVERSION = YES;
				CLANG_WARN_OBJC_ROOT_CLASS = YES_ERROR;
				CLANG_WARN_QUOTED_INCLUDE_IN_FRAMEWORK_HEADER = YES;
				CLANG_WARN_RANGE_LOOP_ANALYSIS = YES;
				CLANG_WARN_STRICT_PROTOTYPES = YES;
				CLANG_WARN_SUSPICIOUS_MOVE = YES;
				CLANG_WARN_UNGUARDED_AVAILABILITY = YES_AGGRESSIVE;
				CLANG_WARN_UNREACHABLE_CODE = YES;
				CLANG_WARN__DUPLICATE_METHOD_MATCH = YES;
				COPY_PHASE_STRIP = NO;
				CURRENT_PROJECT_VERSION = 1;
				DEBUG_INFORMATION_FORMAT = "dwarf-with-dsym";
				ENABLE_NS_ASSERTIONS = NO;
				ENABLE_STRICT_OBJC_MSGSEND = YES;
				GCC_C_LANGUAGE_STANDARD = gnu11;
				GCC_NO_COMMON_BLOCKS = YES;
				GCC_WARN_64_TO_32_BIT_CONVERSION = YES;
				GCC_WARN_ABOUT_RETURN_TYPE = YES_ERROR;
				GCC_WARN_UNDECLARED_SELECTOR = YES;
				GCC_WARN_UNINITIALIZED_AUTOS = YES_AGGRESSIVE;
				GCC_WARN_UNUSED_FUNCTION = YES;
				GCC_WARN_UNUSED_VARIABLE = YES;
				GENERATE_INFOPLIST_FILE = YES;
				INFOPLIST_KEY_CFBundleDevelopmentRegion = zh_CN;
				INFOPLIST_KEY_NSCameraUsageDescription = "需要访问相机来拍摄衣物照片";
				INFOPLIST_KEY_NSLocationWhenInUseUsageDescription = "用于获取当前天气信息，提供更精准的穿搭推荐";
				INFOPLIST_KEY_NSPhotoLibraryUsageDescription = "需要访问相册来选择衣物照片";
				INFOPLIST_KEY_UIApplicationSceneManifest_Generation = YES;
				INFOPLIST_KEY_UIApplicationSupportsIndirectInputEvents = YES;
				INFOPLIST_KEY_UILaunchScreen_Generation = YES;
				INFOPLIST_KEY_UISupportedInterfaceOrientations_iPad = "UIInterfaceOrientationPortrait UIInterfaceOrientationPortraitUpsideDown UIInterfaceOrientationLandscapeLeft UIInterfaceOrientationLandscapeRight";
				INFOPLIST_KEY_UISupportedInterfaceOrientations_iPhone = "UIInterfaceOrientationPortrait UIInterfaceOrientationLandscapeLeft UIInterfaceOrientationLandscapeRight";
				IPHONEOS_DEPLOYMENT_TARGET = 17.0;
				MARKETING_VERSION = 1.0.0;
				MTL_ENABLE_DEBUG_INFO = NO;
				MTL_FAST_MATH = YES;
				PRODUCT_NAME = "$(TARGET_NAME)";
				SDKROOT = iphoneos;
				SUPPORTS_MAC_DESIGNED_FOR_IPHONE_IPAD = YES;
				SWIFT_COMPILATION_MODE = wholemodule;
				SWIFT_OPTIMIZATION_LEVEL = "-O";
				SWIFT_VERSION = 5.9;
				TARGETED_DEVICE_FAMILY = "1,2";
			};
			name = Release;
		};
		72A3C7E83F78E0A094CC3B06 /* Debug */ = {
			isa = XCBuildConfiguration;
			buildSettings = {
				ALWAYS_SEARCH_USER_PATHS = NO;
				ASSETCATALOG_COMPILER_APPICON_NAME = AppIcon;
				ASSETCATALOG_COMPILER_GLOBAL_ACCENT_COLOR_NAME = AccentColor;
				CLANG_ANALYZER_NONNULL = YES;
				CLANG_ANALYZER_NUMBER_OBJECT_CONVERSION = YES_AGGRESSIVE;
				CLANG_CXX_LANGUAGE_STANDARD = "gnu++14";
				CLANG_CXX_LIBRARY = "libc++";
				CLANG_ENABLE_MODULES = YES;
				CLANG_ENABLE_OBJC_ARC = YES;
				CLANG_ENABLE_OBJC_WEAK = YES;
				CLANG_WARN_BLOCK_CAPTURE_AUTORELEASING = YES;
				CLANG_WARN_BOOL_CONVERSION = YES;
				CLANG_WARN_COMMA = YES;
				CLANG_WARN_CONSTANT_CONVERSION = YES;
				CLANG_WARN_DEPRECATED_OBJC_IMPLEMENTATIONS = YES;
				CLANG_WARN_DIRECT_OBJC_ISA_USAGE = YES_ERROR;
				CLANG_WARN_DOCUMENTATION_COMMENTS = YES;
				CLANG_WARN_EMPTY_BODY = YES;
				CLANG_WARN_ENUM_CONVERSION = YES;
				CLANG_WARN_INFINITE_RECURSION = YES;
				CLANG_WARN_INT_CONVERSION = YES;
				CLANG_WARN_NON_LITERAL_NULL_CONVERSION = YES;
				CLANG_WARN_OBJC_IMPLICIT_RETAIN_SELF = YES;
				CLANG_WARN_OBJC_LITERAL_CONVERSION = YES;
				CLANG_WARN_OBJC_ROOT_CLASS = YES_ERROR;
				CLANG_WARN_QUOTED_INCLUDE_IN_FRAMEWORK_HEADER = YES;
				CLANG_WARN_RANGE_LOOP_ANALYSIS = YES;
				CLANG_WARN_STRICT_PROTOTYPES = YES;
				CLANG_WARN_SUSPICIOUS_MOVE = YES;
				CLANG_WARN_UNGUARDED_AVAILABILITY = YES_AGGRESSIVE;
				CLANG_WARN_UNREACHABLE_CODE = YES;
				CLANG_WARN__DUPLICATE_METHOD_MATCH = YES;
				COPY_PHASE_STRIP = NO;
				CURRENT_PROJECT_VERSION = 1;
				DEBUG_INFORMATION_FORMAT = dwarf;
				ENABLE_STRICT_OBJC_MSGSEND = YES;
				ENABLE_TESTABILITY = YES;
				GCC_C_LANGUAGE_STANDARD = gnu11;
				GCC_DYNAMIC_NO_PIC = NO;
				GCC_NO_COMMON_BLOCKS = YES;
				GCC_OPTIMIZATION_LEVEL = 0;
				GCC_PREPROCESSOR_DEFINITIONS = (
					"$(inherited)",
					"DEBUG=1",
				);
				GCC_WARN_64_TO_32_BIT_CONVERSION = YES;
				GCC_WARN_ABOUT_RETURN_TYPE = YES_ERROR;
				GCC_WARN_UNDECLARED_SELECTOR = YES;
				GCC_WARN_UNINITIALIZED_AUTOS = YES_AGGRESSIVE;
				GCC_WARN_UNUSED_FUNCTION = YES;
				GCC_WARN_UNUSED_VARIABLE = YES;
				GENERATE_INFOPLIST_FILE = YES;
				INFOPLIST_KEY_CFBundleDevelopmentRegion = zh_CN;
				INFOPLIST_KEY_NSCameraUsageDescription = "需要访问相机来拍摄衣物照片";
				INFOPLIST_KEY_NSLocationWhenInUseUsageDescription = "用于获取当前天气信息，提供更精准的穿搭推荐";
				INFOPLIST_KEY_NSPhotoLibraryUsageDescription = "需要访问相册来选择衣物照片";
				INFOPLIST_KEY_UIApplicationSceneManifest_Generation = YES;
				INFOPLIST_KEY_UIApplicationSupportsIndirectInputEvents = YES;
				INFOPLIST_KEY_UILaunchScreen_Generation = YES;
				INFOPLIST_KEY_UISupportedInterfaceOrientations_iPad = "UIInterfaceOrientationPortrait UIInterfaceOrientationPortraitUpsideDown UIInterfaceOrientationLandscapeLeft UIInterfaceOrientationLandscapeRight";
				INFOPLIST_KEY_UISupportedInterfaceOrientations_iPhone = "UIInterfaceOrientationPortrait UIInterfaceOrientationLandscapeLeft UIInterfaceOrientationLandscapeRight";
				IPHONEOS_DEPLOYMENT_TARGET = 17.0;
				MARKETING_VERSION = 1.0.0;
				MTL_ENABLE_DEBUG_INFO = INCLUDE_SOURCE;
				MTL_FAST_MATH = YES;
				ONLY_ACTIVE_ARCH = YES;
				PRODUCT_NAME = "$(TARGET_NAME)";
				SDKROOT = iphoneos;
				SUPPORTS_MAC_DESIGNED_FOR_IPHONE_IPAD = YES;
				SWIFT_ACTIVE_COMPILATION_CONDITIONS = DEBUG;
				SWIFT_OPTIMIZATION_LEVEL = "-Onone";
				SWIFT_VERSION = 5.9;
				TARGETED_DEVICE_FAMILY = "1,2";
			};
			name = Debug;
		};
		CF807B698C736E0DEE5749F3 /* Release */ = {
			isa = XCBuildConfiguration;
			buildSettings = {
				BUNDLE_LOADER = "$(TEST_HOST)";
				GENERATE_INFOPLIST_FILE = YES;
				LD_RUNPATH_SEARCH_PATHS = (
					"$(inherited)",
					"@executable_path/Frameworks",
					"@loader_path/Frameworks",
				);
				PRODUCT_BUNDLE_IDENTIFIER = com.smartwardrobe.tests;
				SDKROOT = iphoneos;
				TARGETED_DEVICE_FAMILY = "1,2";
				TEST_HOST = "$(BUILT_PRODUCTS_DIR)/SmartWardrobe.app/SmartWardrobe";
			};
			name = Release;
		};
		CFFA54705BFF665657C171B8 /* Debug */ = {
			isa = XCBuildConfiguration;
			buildSettings = {
				BUNDLE_LOADER = "$(TEST_HOST)";
				GENERATE_INFOPLIST_FILE = YES;
				LD_RUNPATH_SEARCH_PATHS = (
					"$(inherited)",
					"@executable_path/Frameworks",
					"@loader_path/Frameworks",
				);
				PRODUCT_BUNDLE_IDENTIFIER = com.smartwardrobe.tests;
				SDKROOT = iphoneos;
				TARGETED_DEVICE_FAMILY = "1,2";
				TEST_HOST = "$(BUILT_PRODUCTS_DIR)/SmartWardrobe.app/SmartWardrobe";
			};
			name = Debug;
		};
/* End XCBuildConfiguration section */

/* Begin XCConfigurationList section */
		0840E99480752F1EA511F7E3 /* Build configuration list for PBXNativeTarget "SmartWardrobeTests" */ = {
			isa = XCConfigurationList;
			buildConfigurations = (
				CFFA54705BFF665657C171B8 /* Debug */,
				CF807B698C736E0DEE5749F3 /* Release */,
			);
			defaultConfigurationIsVisible = 0;
			defaultConfigurationName = Debug;
		};
		9D87B6AF2C02A5316E72F065 /* Build configuration list for PBXProject "SmartWardrobe" */ = {
			isa = XCConfigurationList;
			buildConfigurations = (
				72A3C7E83F78E0A094CC3B06 /* Debug */,
				5E3B637A2D48A1023BFD483A /* Release */,
			);
			defaultConfigurationIsVisible = 0;
			defaultConfigurationName = Debug;
		};
		FAE3248CEF85CBCDCD679146 /* Build configuration list for PBXNativeTarget "SmartWardrobe" */ = {
			isa = XCConfigurationList;
			buildConfigurations = (
				1A76523B4F92985E2F0AC771 /* Debug */,
				452CE690F3EBD7F28D163E2E /* Release */,
			);
			defaultConfigurationIsVisible = 0;
			defaultConfigurationName = Debug;
		};
/* End XCConfigurationList section */

/* Begin XCRemoteSwiftPackageReference section */
		C1E362C3B53EAB4A22C1C56C /* XCRemoteSwiftPackageReference "ZIPFoundation" */ = {
			isa = XCRemoteSwiftPackageReference;
			repositoryURL = "https://github.com/weichsel/ZIPFoundation.git";
			requirement = {
				kind = upToNextMajorVersion;
				minimumVersion = 0.9.19;
			};
		};
/* End XCRemoteSwiftPackageReference section */

/* Begin XCSwiftPackageProductDependency section */
		62E33F2E922BED7058A0B3B2 /* ZIPFoundation */ = {
			isa = XCSwiftPackageProductDependency;
			package = C1E362C3B53EAB4A22C1C56C /* XCRemoteSwiftPackageReference "ZIPFoundation" */;
			productName = ZIPFoundation;
		};
/* End XCSwiftPackageProductDependency section */
	};
	rootObject = 0E8261233529597C9440724F /* Project object */;
}
